
Microsoft Visual Studio Solution File, Format Version 12.00
# Visual Studio Version 17
VisualStudioVersion = 17.6.33829.357
MinimumVisualStudioVersion = 10.0.40219.1
Project("{FAE04EC0-301F-11D3-BF4B-00C04F79EFBC}") = "EF_Example", "EF_Example\EF_Example.csproj", "{20EFDAF3-B5AF-4EB7-842B-7D1A163B6899}"
EndProject
Global
	GlobalSection(SolutionConfigurationPlatforms) = preSolution
		Debug|Any CPU = Debug|Any CPU
		Release|Any CPU = Release|Any CPU
	EndGlobalSection
	GlobalSection(ProjectConfigurationPlatforms) = postSolution
		{20EFDAF3-B5AF-4EB7-842B-7D1A163B6899}.Debug|Any CPU.ActiveCfg = Debug|Any CPU
		{20EFDAF3-B5AF-4EB7-842B-7D1A163B6899}.Debug|Any CPU.Build.0 = Debug|Any CPU
		{20EFDAF3-B5AF-4EB7-842B-7D1A163B6899}.Release|Any CPU.ActiveCfg = Release|Any CPU
		{20EFDAF3-B5AF-4EB7-842B-7D1A163B6899}.Release|Any CPU.Build.0 = Release|Any CPU
	EndGlobalSection
	GlobalSection(SolutionProperties) = preSolution
		HideSolutionNode = FALSE
	EndGlobalSection
	GlobalSection(ExtensibilityGlobals) = postSolution
		SolutionGuid = {53629F21-1860-48BD-B155-0694187E8851}
	EndGlobalSection
EndGlobal
